// !$*UTF8*$!
{
	archiveVersion = 1;
	classes = {
	};
	objectVersion = 46;
	objects = {

/* Begin PBXBuildFile section */
		4B8FF7CE1B62F088008ADD23 /* bomb.mp3 in Resources */ = {isa = PBXBuildFile; fileRef = 4B8FF7CD1B62F088008ADD23 /* bomb.mp3 */; };
		4B8FF7D21B62F4A4008ADD23 /* win.mp3 in Resources */ = {isa = PBXBuildFile; fileRef = 4B8FF7D11B62F4A4008ADD23 /* win.mp3 */; };
		4BCB16EA1B60470900E05A05 /* AppDelegate.swift in Sources */ = {isa = PBXBuildFile; fileRef = 4BCB16E91B60470900E05A05 /* AppDelegate.swift */; };
		4BCB16EC1B60470900E05A05 /* ViewController.swift in Sources */ = {isa = PBXBuildFile; fileRef = 4BCB16EB1B60470900E05A05 /* ViewController.swift */; };
		4BCB16EF1B60470900E05A05 /* Main.storyboard in Resources */ = {isa = PBXBuildFile; fileRef = 4BCB16ED1B60470900E05A05 /* Main.storyboard */; };
		4BCB16F11B60470900E05A05 /* Images.xcassets in Resources */ = {isa = PBXBuildFile; fileRef = 4BCB16F01B60470900E05A05 /* Images.xcassets */; };
		4BCB16F41B60470900E05A05 /* LaunchScreen.xib in Resources */ = {isa = PBXBuildFile; fileRef = 4BCB16F21B60470900E05A05 /* LaunchScreen.xib */; };
		4BCB17001B60470900E05A05 /* MinesTests.swift in Sources */ = {isa = PBXBuildFile; fileRef = 4BCB16FF1B60470900E05A05 /* MinesTests.swift */; };
		4BCB170A1B60476300E05A05 /* table.png in Resources */ = {isa = PBXBuildFile; fileRef = 4BCB17091B60476300E05A05 /* table.png */; };
		4BCB170C1B60484400E05A05 /* grass.jpg in Resources */ = {isa = PBXBuildFile; fileRef = 4BCB170B1B60484400E05A05 /* grass.jpg */; };
		4BCB170E1B60485400E05A05 /* bomb.png in Resources */ = {isa = PBXBuildFile; fileRef = 4BCB170D1B60485400E05A05 /* bomb.png */; };
/* End PBXBuildFile section */

/* Begin PBXContainerItemProxy section */
		4BCB16FA1B60470900E05A05 /* PBXContainerItemProxy */ = {
			isa = PBXContainerItemProxy;
			containerPortal = 4BCB16DC1B60470900E05A05 /* Project object */;
			proxyType = 1;
			remoteGlobalIDString = 4BCB16E31B60470900E05A05;
			remoteInfo = Mines;
		};
/* End PBXContainerItemProxy section */

/* Begin PBXFileReference section */
		4B8FF7CD1B62F088008ADD23 /* bomb.mp3 */ = {isa = PBXFileReference; lastKnownFileType = audio.mp3; path = bomb.mp3; sourceTree = "<group>"; };
		4B8FF7D11B62F4A4008ADD23 /* win.mp3 */ = {isa = PBXFileReference; lastKnownFileType = audio.mp3; path = win.mp3; sourceTree = "<group>"; };
		4BCB16E41B60470900E05A05 /* Mines.app */ = {isa = PBXFileReference; explicitFileType = wrapper.application; includeInIndex = 0; path = Mines.app; sourceTree = BUILT_PRODUCTS_DIR; };
		4BCB16E81B60470900E05A05 /* Info.plist */ = {isa = PBXFileReference; lastKnownFileType = text.plist.xml; path = Info.plist; sourceTree = "<group>"; };
		4BCB16E91B60470900E05A05 /* AppDelegate.swift */ = {isa = PBXFileReference; lastKnownFileType = sourcecode.swift; path = AppDelegate.swift; sourceTree = "<group>"; };
		4BCB16EB1B60470900E05A05 /* ViewController.swift */ = {isa = PBXFileReference; lastKnownFileType = sourcecode.swift; path = ViewController.swift; sourceTree = "<group>"; };
		4BCB16EE1B60470900E05A05 /* Base */ = {isa = PBXFileReference; lastKnownFileType = file.storyboard; name = Base; path = Base.lproj/Main.storyboard; sourceTree = "<group>"; };
		4BCB16F01B60470900E05A05 /* Images.xcassets */ = {isa = PBXFileReference; lastKnownFileType = folder.assetcatalog; path = Images.xcassets; sourceTree = "<group>"; };
		4BCB16F31B60470900E05A05 /* Base */ = {isa = PBXFileReference; lastKnownFileType = file.xib; name = Base; path = Base.lproj/LaunchScreen.xib; sourceTree = "<group>"; };
		4BCB16F91B60470900E05A05 /* MinesTests.xctest */ = {isa = PBXFileReference; explicitFileType = wrapper.cfbundle; includeInIndex = 0; path = MinesTests.xctest; sourceTree = BUILT_PRODUCTS_DIR; };
		4BCB16FE1B60470900E05A05 /* Info.plist */ = {isa = PBXFileReference; lastKnownFileType = text.plist.xml; path = Info.plist; sourceTree = "<group>"; };
		4BCB16FF1B60470900E05A05 /* MinesTests.swift */ = {isa = PBXFileReference; lastKnownFileType = sourcecode.swift; path = MinesTests.swift; sourceTree = "<group>"; };
		4BCB17091B60476300E05A05 /* table.png */ = {isa = PBXFileReference; lastKnownFileType = image.png; name = table.png; path = ../../../../../Downloads/table.png; sourceTree = "<group>"; };
		4BCB170B1B60484400E05A05 /* grass.jpg */ = {isa = PBXFileReference; lastKnownFileType = image.jpeg; name = grass.jpg; path = ../../../../../Downloads/grass.jpg; sourceTree = "<group>"; };
		4BCB170D1B60485400E05A05 /* bomb.png */ = {isa = PBXFileReference; lastKnownFileType = image.png; name = bomb.png; path = ../../../../../Downloads/bomb.png; sourceTree = "<group>"; };
/* End PBXFileReference section */

/* Begin PBXFrameworksBuildPhase section */
		4BCB16E11B60470900E05A05 /* Frameworks */ = {
			isa = PBXFrameworksBuildPhase;
			buildActionMask = 2147483647;
			files = (
			);
			runOnlyForDeploymentPostprocessing = 0;
		};
		4BCB16F61B60470900E05A05 /* Frameworks */ = {
			isa = PBXFrameworksBuildPhase;
			buildActionMask = 2147483647;
			files = (
			);
			runOnlyForDeploymentPostprocessing = 0;
		};
/* End PBXFrameworksBuildPhase section */

/* Begin PBXGroup section */
		4BCB16DB1B60470900E05A05 = {
			isa = PBXGroup;
			children = (
				4BCB16E61B60470900E05A05 /* Mines */,
				4BCB16FC1B60470900E05A05 /* MinesTests */,
				4BCB16E51B60470900E05A05 /* Products */,
			);
			sourceTree = "<group>";
		};
		4BCB16E51B60470900E05A05 /* Products */ = {
			isa = PBXGroup;
			children = (
				4BCB16E41B60470900E05A05 /* Mines.app */,
				4BCB16F91B60470900E05A05 /* MinesTests.xctest */,
			);
			name = Products;
			sourceTree = "<group>";
		};
		4BCB16E61B60470900E05A05 /* Mines */ = {
			isa = PBXGroup;
			children = (
				4BCB16E91B60470900E05A05 /* AppDelegate.swift */,
				4BCB16EB1B60470900E05A05 /* ViewController.swift */,
				4BCB16ED1B60470900E05A05 /* Main.storyboard */,
				4BCB170B1B60484400E05A05 /* grass.jpg */,
				4BCB170D1B60485400E05A05 /* bomb.png */,
				4B8FF7CD1B62F088008ADD23 /* bomb.mp3 */,
				4B8FF7D11B62F4A4008ADD23 /* win.mp3 */,
				4BCB17091B60476300E05A05 /* table.png */,
				4BCB16F01B60470900E05A05 /* Images.xcassets */,
				4BCB16F21B60470900E05A05 /* LaunchScreen.xib */,
				4BCB16E71B60470900E05A05 /* Supporting Files */,
			);
			path = Mines;
			sourceTree = "<group>";
		};
		4BCB16E71B60470900E05A05 /* Supporting Files */ = {
			isa = PBXGroup;
			children = (
				4BCB16E81B60470900E05A05 /* Info.plist */,
			);
			name = "Supporting Files";
			sourceTree = "<group>";
		};
		4BCB16FC1B60470900E05A05 /* MinesTests */ = {
			isa = PBXGroup;
			children = (
				4BCB16FF1B60470900E05A05 /* MinesTests.swift */,
				4BCB16FD1B60470900E05A05 /* Supporting Files */,
			);
			path = MinesTests;
			sourceTree = "<group>";
		};
		4BCB16FD1B60470900E05A05 /* Supporting Files */ = {
			isa = PBXGroup;
			children = (
				4BCB16FE1B60470900E05A05 /* Info.plist */,
			);
			name = "Supporting Files";
			sourceTree = "<group>";
		};
/* End PBXGroup section */

/* Begin PBXNativeTarget section */
		4BCB16E31B60470900E05A05 /* Mines */ = {
			isa = PBXNativeTarget;
			buildConfigurationList = 4BCB17031B60470900E05A05 /* Build configuration list for PBXNativeTarget "Mines" */;
			buildPhases = (
				4BCB16E01B60470900E05A05 /* Sources */,
				4BCB16E11B60470900E05A05 /* Frameworks */,
				4BCB16E21B60470900E05A05 /* Resources */,
			);
			buildRules = (
			);
			dependencies = (
			);
			name = Mines;
			productName = Mines;
			productReference = 4BCB16E41B60470900E05A05 /* Mines.app */;
			productType = "com.apple.product-type.application";
		};
		4BCB16F81B60470900E05A05 /* MinesTests */ = {
			isa = PBXNativeTarget;
			buildConfigurationList = 4BCB17061B60470900E05A05 /* Build configuration list for PBXNativeTarget "MinesTests" */;
			buildPhases = (
				4BCB16F51B60470900E05A05 /* Sources */,
				4BCB16F61B60470900E05A05 /* Frameworks */,
				4BCB16F71B60470900E05A05 /* Resources */,
			);
			buildRules = (
			);
			dependencies = (
				4BCB16FB1B60470900E05A05 /* PBXTargetDependency */,
			);
			name = MinesTests;
			productName = MinesTests;
			productReference = 4BCB16F91B60470900E05A05 /* MinesTests.xctest */;
			productType = "com.apple.product-type.bundle.unit-test";
		};
/* End PBXNativeTarget section */

/* Begin PBXProject section */
		4BCB16DC1B60470900E05A05 /* Project object */ = {
			isa = PBXProject;
			attributes = {
				LastUpgradeCheck = 0640;
				ORGANIZATIONNAME = "Codes and Tags";
				TargetAttributes = {
					4BCB16E31B60470900E05A05 = {
						CreatedOnToolsVersion = 6.4;
					};
					4BCB16F81B60470900E05A05 = {
						CreatedOnToolsVersion = 6.4;
						TestTargetID = 4BCB16E31B60470900E05A05;
					};
				};
			};
			buildConfigurationList = 4BCB16DF1B60470900E05A05 /* Build configuration list for PBXProject "Mines" */;
			compatibilityVersion = "Xcode 3.2";
			developmentRegion = English;
			hasScannedForEncodings = 0;
			knownRegions = (
				en,
				Base,
			);
			mainGroup = 4BCB16DB1B60470900E05A05;
			productRefGroup = 4BCB16E51B60470900E05A05 /* Products */;
			projectDirPath = "";
			projectRoot = "";
			targets = (
				4BCB16E31B60470900E05A05 /* Mines */,
				4BCB16F81B60470900E05A05 /* MinesTests */,
			);
		};
/* End PBXProject section */

/* Begin PBXResourcesBuildPhase section */
		4BCB16E21B60470900E05A05 /* Resources */ = {
			isa = PBXResourcesBuildPhase;
			buildActionMask = 2147483647;
			files = (
				4BCB170A1B60476300E05A05 /* table.png in Resources */,
				4BCB16EF1B60470900E05A05 /* Main.storyboard in Resources */,
				4BCB170C1B60484400E05A05 /* grass.jpg in Resources */,
				4B8FF7D21B62F4A4008ADD23 /* win.mp3 in Resources */,
				4B8FF7CE1B62F088008ADD23 /* bomb.mp3 in Resources */,
				4BCB16F41B60470900E05A05 /* LaunchScreen.xib in Resources */,
				4BCB16F11B60470900E05A05 /* Images.xcassets in Resources */,
				4BCB170E1B60485400E05A05 /* bomb.png in Resources */,
			);
			runOnlyForDeploymentPostprocessing = 0;
		};
		4BCB16F71B60470900E05A05 /* Resources */ = {
			isa = PBXResourcesBuildPhase;
			buildActionMask = 2147483647;
			files = (
			);
			runOnlyForDeploymentPostprocessing = 0;
		};
/* End PBXResourcesBuildPhase section */

/* Begin PBXSourcesBuildPhase section */
		4BCB16E01B60470900E05A05 /* Sources */ = {
			isa = PBXSourcesBuildPhase;
			buildActionMask = 2147483647;
			files = (
				4BCB16EC1B60470900E05A05 /* ViewController.swift in Sources */,
				4BCB16EA1B60470900E05A05 /* AppDelegate.swift in Sources */,
			);
			runOnlyForDeploymentPostprocessing = 0;
		};
		4BCB16F51B60470900E05A05 /* Sources */ = {
			isa = PBXSourcesBuildPhase;
			buildActionMask = 2147483647;
			files = (
				4BCB17001B60470900E05A05 /* MinesTests.swift in Sources */,
			);
			runOnlyForDeploymentPostprocessing = 0;
		};
/* End PBXSourcesBuildPhase section */

/* Begin PBXTargetDependency section */
		4BCB16FB1B60470900E05A05 /* PBXTargetDependency */ = {
			isa = PBXTargetDependency;
			target = 4BCB16E31B60470900E05A05 /* Mines */;
			targetProxy = 4BCB16FA1B60470900E05A05 /* PBXContainerItemProxy */;
		};
/* End PBXTargetDependency section */

/* Begin PBXVariantGroup section */
		4BCB16ED1B60470900E05A05 /* Main.storyboard */ = {
			isa = PBXVariantGroup;
			children = (
				4BCB16EE1B60470900E05A05 /* Base */,
			);
			name = Main.storyboard;
			sourceTree = "<group>";
		};
		4BCB16F21B60470900E05A05 /* LaunchScreen.xib */ = {
			isa = PBXVariantGroup;
			children = (
				4BCB16F31B60470900E05A05 /* Base */,
			);
			name = LaunchScreen.xib;
			sourceTree = "<group>";
		};
/* End PBXVariantGroup section */

/* Begin XCBuildConfiguration section */
		4BCB17011B60470900E05A05 /* Debug */ = {
			isa = XCBuildConfiguration;
			buildSettings = {
				ALWAYS_SEARCH_USER_PATHS = NO;
				CLANG_CXX_LANGUAGE_STANDARD = "gnu++0x";
				CLANG_CXX_LIBRARY = "libc++";
				CLANG_ENABLE_MODULES = YES;
				CLANG_ENABLE_OBJC_ARC = YES;
				CLANG_WARN_BOOL_CONVERSION = YES;
				CLANG_WARN_CONSTANT_CONVERSION = YES;
				CLANG_WARN_DIRECT_OBJC_ISA_USAGE = YES_ERROR;
				CLANG_WARN_EMPTY_BODY = YES;
				CLANG_WARN_ENUM_CONVERSION = YES;
				CLANG_WARN_INT_CONVERSION = YES;
				CLANG_WARN_OBJC_ROOT_CLASS = YES_ERROR;
				CLANG_WARN_UNREACHABLE_CODE = YES;
				CLANG_WARN__DUPLICATE_METHOD_MATCH = YES;
				"CODE_SIGN_IDENTITY[sdk=iphoneos*]" = "iPhone Developer";
				COPY_PHASE_STRIP = NO;
				DEBUG_INFORMATION_FORMAT = "dwarf-with-dsym";
				ENABLE_STRICT_OBJC_MSGSEND = YES;
				GCC_C_LANGUAGE_STANDARD = gnu99;
				GCC_DYNAMIC_NO_PIC = NO;
				GCC_NO_COMMON_BLOCKS = YES;
				GCC_OPTIMIZATION_LEVEL = 0;
				GCC_PREPROCESSOR_DEFINITIONS = (
					"DEBUG=1",
					"$(inherited)",
				);
				GCC_SYMBOLS_PRIVATE_EXTERN = NO;
				GCC_WARN_64_TO_32_BIT_CONVERSION = YES;
				GCC_WARN_ABOUT_RETURN_TYPE = YES_ERROR;
				GCC_WARN_UNDECLARED_SELECTOR = YES;
				GCC_WARN_UNINITIALIZED_AUTOS = YES_AGGRESSIVE;
				GCC_WARN_UNUSED_FUNCTION = YES;
				GCC_WARN_UNUSED_VARIABLE = YES;
				IPHONEOS_DEPLOYMENT_TARGET = 8.4;
				MTL_ENABLE_DEBUG_INFO = YES;
				ONLY_ACTIVE_ARCH = YES;
				SDKROOT = iphoneos;
				SWIFT_OPTIMIZATION_LEVEL = "-Onone";
			};
			name = Debug;
		};
		4BCB17021B60470900E05A05 /* Release */ = {
			isa = XCBuildConfiguration;
			buildSettings = {
				ALWAYS_SEARCH_USER_PATHS = NO;
				CLANG_CXX_LANGUAGE_STANDARD = "gnu++0x";
				CLANG_CXX_LIBRARY = "libc++";
				CLANG_ENABLE_MODULES = YES;
				CLANG_ENABLE_OBJC_ARC = YES;
				CLANG_WARN_BOOL_CONVERSION = YES;
				CLANG_WARN_CONSTANT_CONVERSION = YES;
				CLANG_WARN_DIRECT_OBJC_ISA_USAGE = YES_ERROR;
				CLANG_WARN_EMPTY_BODY = YES;
				CLANG_WARN_ENUM_CONVERSION = YES;
				CLANG_WARN_INT_CONVERSION = YES;
				CLANG_WARN_OBJC_ROOT_CLASS = YES_ERROR;
				CLANG_WARN_UNREACHABLE_CODE = YES;
				CLANG_WARN__DUPLICATE_METHOD_MATCH = YES;
				"CODE_SIGN_IDENTITY[sdk=iphoneos*]" = "iPhone Developer";
				COPY_PHASE_STRIP = NO;
				DEBUG_INFORMATION_FORMAT = "dwarf-with-dsym";
				ENABLE_NS_ASSERTIONS = NO;
				ENABLE_STRICT_OBJC_MSGSEND = YES;
				GCC_C_LANGUAGE_STANDARD = gnu99;
				GCC_NO_COMMON_BLOCKS = YES;
				GCC_WARN_64_TO_32_BIT_CONVERSION = YES;
				GCC_WARN_ABOUT_RETURN_TYPE = YES_ERROR;
				GCC_WARN_UNDECLARED_SELECTOR = YES;
				GCC_WARN_UNINITIALIZED_AUTOS = YES_AGGRESSIVE;
				GCC_WARN_UNUSED_FUNCTION = YES;
				GCC_WARN_UNUSED_VARIABLE = YES;
				IPHONEOS_DEPLOYMENT_TARGET = 8.4;
				MTL_ENABLE_DEBUG_INFO = NO;
				SDKROOT = iphoneos;
				VALIDATE_PRODUCT = YES;
			};
			name = Release;
		};
		4BCB17041B60470900E05A05 /* Debug */ = {
			isa = XCBuildConfiguration;
			buildSettings = {
				ASSETCATALOG_COMPILER_APPICON_NAME = AppIcon;
				INFOPLIST_FILE = Mines/Info.plist;
				LD_RUNPATH_SEARCH_PATHS = "$(inherited) @executable_path/Frameworks";
				PRODUCT_NAME = "$(TARGET_NAME)";
			};
			name = Debug;
		};
		4BCB17051B60470900E05A05 /* Release */ = {
			isa = XCBuildConfiguration;
			buildSettings = {
				ASSETCATALOG_COMPILER_APPICON_NAME = AppIcon;
				INFOPLIST_FILE = Mines/Info.plist;
				LD_RUNPATH_SEARCH_PATHS = "$(inherited) @executable_path/Frameworks";
				PRODUCT_NAME = "$(TARGET_NAME)";
			};
			name = Release;
		};
		4BCB17071B60470900E05A05 /* Debug */ = {
			isa = XCBuildConfiguration;
			buildSettings = {
				BUNDLE_LOADER = "$(TEST_HOST)";
				FRAMEWORK_SEARCH_PATHS = (
					"$(SDKROOT)/Developer/Library/Frameworks",
					"$(inherited)",
				);
				GCC_PREPROCESSOR_DEFINITIONS = (
					"DEBUG=1",
					"$(inherited)",
				);
				INFOPLIST_FILE = MinesTests/Info.plist;
				LD_RUNPATH_SEARCH_PATHS = "$(inherited) @executable_path/Frameworks @loader_path/Frameworks";
				PRODUCT_NAME = "$(TARGET_NAME)";
				TEST_HOST = "$(BUILT_PRODUCTS_DIR)/Mines.app/Mines";
			};
			name = Debug;
		};
		4BCB17081B60470900E05A05 /* Release */ = {
			isa = XCBuildConfiguration;
			buildSettings = {
				BUNDLE_LOADER = "$(TEST_HOST)";
				FRAMEWORK_SEARCH_PATHS = (
					"$(SDKROOT)/Developer/Library/Frameworks",
					"$(inherited)",
				);
				INFOPLIST_FILE = MinesTests/Info.plist;
				LD_RUNPATH_SEARCH_PATHS = "$(inherited) @executable_path/Frameworks @loader_path/Frameworks";
				PRODUCT_NAME = "$(TARGET_NAME)";
				TEST_HOST = "$(BUILT_PRODUCTS_DIR)/Mines.app/Mines";
			};
			name = Release;
		};
/* End XCBuildConfiguration section */

/* Begin XCConfigurationList section */
		4BCB16DF1B60470900E05A05 /* Build configuration list for PBXProject "Mines" */ = {
			isa = XCConfigurationList;
			buildConfigurations = (
				4BCB17011B60470900E05A05 /* Debug */,
				4BCB17021B60470900E05A05 /* Release */,
			);
			defaultConfigurationIsVisible = 0;
			defaultConfigurationName = Release;
		};
		4BCB17031B60470900E05A05 /* Build configuration list for PBXNativeTarget "Mines" */ = {
			isa = XCConfigurationList;
			buildConfigurations = (
				4BCB17041B60470900E05A05 /* Debug */,
				4BCB17051B60470900E05A05 /* Release */,
			);
			defaultConfigurationIsVisible = 0;
			defaultConfigurationName = Release;
		};
		4BCB17061B60470900E05A05 /* Build configuration list for PBXNativeTarget "MinesTests" */ = {
			isa = XCConfigurationList;
			buildConfigurations = (
				4BCB17071B60470900E05A05 /* Debug */,
				4BCB17081B60470900E05A05 /* Release */,
			);
			defaultConfigurationIsVisible = 0;
			defaultConfigurationName = Release;
		};
/* End XCConfigurationList section */
	};
	rootObject = 4BCB16DC1B60470900E05A05 /* Project object */;
}
